
Microsoft Visual Studio Solution File, Format Version 11.00
# Visual Studio 2010
Project("{FAE04EC0-301F-11D3-BF4B-00C04F79EFBC}") = "UCharts", "Assembly-CSharp.csproj", "{3F091F65-646A-E9ED-87E6-FD7F58576854}"
EndProject
Project("{FAE04EC0-301F-11D3-BF4B-00C04F79EFBC}") = "UCharts", "Assembly-CSharp-Editor.csproj", "{5301559D-9585-B31F-D440-4C00E77BCD34}"
EndProject
Global
	GlobalSection(SolutionConfigurationPlatforms) = preSolution
		Debug|Any CPU = Debug|Any CPU
		Release|Any CPU = Release|Any CPU
	EndGlobalSection
	GlobalSection(ProjectConfigurationPlatforms) = postSolution
		{3F091F65-646A-E9ED-87E6-FD7F58576854}.Debug|Any CPU.ActiveCfg = Debug|Any CPU
		{3F091F65-646A-E9ED-87E6-FD7F58576854}.Debug|Any CPU.Build.0 = Debug|Any CPU
		{3F091F65-646A-E9ED-87E6-FD7F58576854}.Release|Any CPU.ActiveCfg = Release|Any CPU
		{3F091F65-646A-E9ED-87E6-FD7F58576854}.Release|Any CPU.Build.0 = Release|Any CPU
		{5301559D-9585-B31F-D440-4C00E77BCD34}.Debug|Any CPU.ActiveCfg = Debug|Any CPU
		{5301559D-9585-B31F-D440-4C00E77BCD34}.Debug|Any CPU.Build.0 = Debug|Any CPU
		{5301559D-9585-B31F-D440-4C00E77BCD34}.Release|Any CPU.ActiveCfg = Release|Any CPU
		{5301559D-9585-B31F-D440-4C00E77BCD34}.Release|Any CPU.Build.0 = Release|Any CPU
	EndGlobalSection
	GlobalSection(SolutionProperties) = preSolution
		HideSolutionNode = FALSE
	EndGlobalSection
	GlobalSection(MonoDevelopProperties) = preSolution
		StartupItem = Assembly-CSharp.csproj
	EndGlobalSection
EndGlobal
